// !$*UTF8*$!
{
	archiveVersion = 1;
	classes = {
	};
	objectVersion = 77;
	objects = {

/* Begin PBXBuildFile section */
		976420A32DD838F40070CF9D /* NerveAreas.xcstrings in Resources */ = {isa = PBXBuildFile; fileRef = 976420A22DD838F40070CF9D /* NerveAreas.xcstrings */; };
		97D86B3E2DD9A3B800D03E7B /* LearnMoreView.swift in Sources */ = {isa = PBXBuildFile; fileRef = 97D86B3D2DD9A3B800D03E7B /* LearnMoreView.swift */; };
		C500A7212D983D18008734CA /* README.md in Resources */ = {isa = PBXBuildFile; fileRef = C500A7202D983D18008734CA /* README.md */; };
		C5477C842D7F080100C09342 /* RealityKitContent in Frameworks */ = {isa = PBXBuildFile; productRef = C5477C832D7F080100C09342 /* RealityKitContent */; };
		C5477C9C2D7F093100C09342 /* .gitignore in Resources */ = {isa = PBXBuildFile; fileRef = C5477C9B2D7F092A00C09342 /* .gitignore */; };
		C5B2812D2DA78C1B004CC23D /* NoteCoreData.xcdatamodeld in Sources */ = {isa = PBXBuildFile; fileRef = C5B2812B2DA78C1B004CC23D /* NoteCoreData.xcdatamodeld */; };
		D566D6692DDC48F100531A46 /* InfoView.swift in Sources */ = {isa = PBXBuildFile; fileRef = D566D6682DDC48EB00531A46 /* InfoView.swift */; };
		FD09D7612DC722CC0047B141 /* NoteData.swift in Sources */ = {isa = PBXBuildFile; fileRef = FD09D7602DC722CC0047B141 /* NoteData.swift */; };
		FD09D7CF2DC86A8A0047B141 /* ButtonBoard.swift in Sources */ = {isa = PBXBuildFile; fileRef = FD09D7CE2DC86A8A0047B141 /* ButtonBoard.swift */; };
		FD09D7D32DC9D62E0047B141 /* ModelGestureFactory.swift in Sources */ = {isa = PBXBuildFile; fileRef = FD09D7D22DC9D62E0047B141 /* ModelGestureFactory.swift */; };
		FD09D7D52DCB1A4C0047B141 /* MaleModelView.swift in Sources */ = {isa = PBXBuildFile; fileRef = FD09D7D42DCB1A4C0047B141 /* MaleModelView.swift */; };
		FD9035B52DBA013900ECC559 /* AnnotationModel.swift in Sources */ = {isa = PBXBuildFile; fileRef = FD90358B2DBA013900ECC559 /* AnnotationModel.swift */; };
		FD9035B62DBA013900ECC559 /* AppModel.swift in Sources */ = {isa = PBXBuildFile; fileRef = FD90358C2DBA013900ECC559 /* AppModel.swift */; };
		FD9035B72DBA013900ECC559 /* Dermatome.swift in Sources */ = {isa = PBXBuildFile; fileRef = FD90358D2DBA013900ECC559 /* Dermatome.swift */; };
		FD9035B82DBA013900ECC559 /* ModelMesh.swift in Sources */ = {isa = PBXBuildFile; fileRef = FD90358E2DBA013900ECC559 /* ModelMesh.swift */; };
		FD9035BB2DBA013900ECC559 /* SIMD3.swift in Sources */ = {isa = PBXBuildFile; fileRef = FD9035912DBA013900ECC559 /* SIMD3.swift */; };
		FD9035BC2DBA013900ECC559 /* UIExtension.swift in Sources */ = {isa = PBXBuildFile; fileRef = FD9035922DBA013900ECC559 /* UIExtension.swift */; };
		FD9035BD2DBA013900ECC559 /* AnnotationViewModel.swift in Sources */ = {isa = PBXBuildFile; fileRef = FD9035972DBA013900ECC559 /* AnnotationViewModel.swift */; };
		FD9035C12DBA013900ECC559 /* FunctionViewModel.swift in Sources */ = {isa = PBXBuildFile; fileRef = FD90359C2DBA013900ECC559 /* FunctionViewModel.swift */; };
		FD9035C22DBA013900ECC559 /* ImmersiveControl.swift in Sources */ = {isa = PBXBuildFile; fileRef = FD90359D2DBA013900ECC559 /* ImmersiveControl.swift */; };
		FD9035C42DBA013900ECC559 /* ImmersiveVIew.swift in Sources */ = {isa = PBXBuildFile; fileRef = FD90359F2DBA013900ECC559 /* ImmersiveVIew.swift */; };
		FD9035C52DBA013900ECC559 /* AddAnnotationVIew.swift in Sources */ = {isa = PBXBuildFile; fileRef = FD9035A12DBA013900ECC559 /* AddAnnotationVIew.swift */; };
		FD9035C62DBA013900ECC559 /* NoteListView.swift in Sources */ = {isa = PBXBuildFile; fileRef = FD9035A22DBA013900ECC559 /* NoteListView.swift */; };
		FD9035C72DBA013900ECC559 /* NoteRowView.swift in Sources */ = {isa = PBXBuildFile; fileRef = FD9035A32DBA013900ECC559 /* NoteRowView.swift */; };
		FD9035C82DBA013900ECC559 /* CustomNavLink.swift in Sources */ = {isa = PBXBuildFile; fileRef = FD9035A52DBA013900ECC559 /* CustomNavLink.swift */; };
		FD9035C92DBA013900ECC559 /* ExpandButton.swift in Sources */ = {isa = PBXBuildFile; fileRef = FD9035A62DBA013900ECC559 /* ExpandButton.swift */; };
		FD9035CA2DBA013900ECC559 /* HelpView.swift in Sources */ = {isa = PBXBuildFile; fileRef = FD9035A72DBA013900ECC559 /* HelpView.swift */; };
		FD9035CE2DBA013900ECC559 /* KnowledgeList.swift in Sources */ = {isa = PBXBuildFile; fileRef = FD9035AB2DBA013900ECC559 /* KnowledgeList.swift */; };
		FD9035CF2DBA013900ECC559 /* LaunchScreen.swift in Sources */ = {isa = PBXBuildFile; fileRef = FD9035AC2DBA013900ECC559 /* LaunchScreen.swift */; };
		FD9035D12DBA013900ECC559 /* ToggleImmersiveSpaceButton.swift in Sources */ = {isa = PBXBuildFile; fileRef = FD9035AE2DBA013900ECC559 /* ToggleImmersiveSpaceButton.swift */; };
		FD9035D22DBA013900ECC559 /* NrvMap_3DApp.swift in Sources */ = {isa = PBXBuildFile; fileRef = FD9035B22DBA013900ECC559 /* NrvMap_3DApp.swift */; };
		FD9035D32DBA013900ECC559 /* PersistenceController.swift in Sources */ = {isa = PBXBuildFile; fileRef = FD9035B32DBA013900ECC559 /* PersistenceController.swift */; };
		FD9035D42DBA013900ECC559 /* FemaleDModel.usdz in Resources */ = {isa = PBXBuildFile; fileRef = FD9035942DBA013900ECC559 /* FemaleDModel.usdz */; };
		FD9035D52DBA013900ECC559 /* Preview Assets.xcassets in Resources */ = {isa = PBXBuildFile; fileRef = FD9035952DBA013900ECC559 /* Preview Assets.xcassets */; };
		FD9035D62DBA013900ECC559 /* Assets.xcassets in Resources */ = {isa = PBXBuildFile; fileRef = FD9035B02DBA013900ECC559 /* Assets.xcassets */; };
/* End PBXBuildFile section */

/* Begin PBXFileReference section */
		976420A22DD838F40070CF9D /* NerveAreas.xcstrings */ = {isa = PBXFileReference; lastKnownFileType = text.json.xcstrings; path = NerveAreas.xcstrings; sourceTree = "<group>"; };
		97D86B3D2DD9A3B800D03E7B /* LearnMoreView.swift */ = {isa = PBXFileReference; lastKnownFileType = sourcecode.swift; path = LearnMoreView.swift; sourceTree = "<group>"; };
		C500A7202D983D18008734CA /* README.md */ = {isa = PBXFileReference; lastKnownFileType = net.daringfireball.markdown; path = README.md; sourceTree = "<group>"; };
		C5477C7E2D7F080100C09342 /* NrvMap 3D.app */ = {isa = PBXFileReference; explicitFileType = wrapper.application; includeInIndex = 0; path = "NrvMap 3D.app"; sourceTree = BUILT_PRODUCTS_DIR; };
		C5477C822D7F080100C09342 /* RealityKitContent */ = {isa = PBXFileReference; lastKnownFileType = wrapper; path = RealityKitContent; sourceTree = "<group>"; };
		C5477C9B2D7F092A00C09342 /* .gitignore */ = {isa = PBXFileReference; lastKnownFileType = text; path = .gitignore; sourceTree = "<group>"; };
		C5B2812C2DA78C1B004CC23D /* NoteCoreData.xcdatamodel */ = {isa = PBXFileReference; lastKnownFileType = wrapper.xcdatamodel; path = NoteCoreData.xcdatamodel; sourceTree = "<group>"; };
		D566D6682DDC48EB00531A46 /* InfoView.swift */ = {isa = PBXFileReference; lastKnownFileType = sourcecode.swift; path = InfoView.swift; sourceTree = "<group>"; };
		FD09D7602DC722CC0047B141 /* NoteData.swift */ = {isa = PBXFileReference; lastKnownFileType = sourcecode.swift; path = NoteData.swift; sourceTree = "<group>"; };
		FD09D7CE2DC86A8A0047B141 /* ButtonBoard.swift */ = {isa = PBXFileReference; lastKnownFileType = sourcecode.swift; path = ButtonBoard.swift; sourceTree = "<group>"; };
		FD09D7D22DC9D62E0047B141 /* ModelGestureFactory.swift */ = {isa = PBXFileReference; lastKnownFileType = sourcecode.swift; path = ModelGestureFactory.swift; sourceTree = "<group>"; };
		FD09D7D42DCB1A4C0047B141 /* MaleModelView.swift */ = {isa = PBXFileReference; lastKnownFileType = sourcecode.swift; path = MaleModelView.swift; sourceTree = "<group>"; };
		FD90358B2DBA013900ECC559 /* AnnotationModel.swift */ = {isa = PBXFileReference; lastKnownFileType = sourcecode.swift; path = AnnotationModel.swift; sourceTree = "<group>"; };
		FD90358C2DBA013900ECC559 /* AppModel.swift */ = {isa = PBXFileReference; lastKnownFileType = sourcecode.swift; path = AppModel.swift; sourceTree = "<group>"; };
		FD90358D2DBA013900ECC559 /* Dermatome.swift */ = {isa = PBXFileReference; lastKnownFileType = sourcecode.swift; path = Dermatome.swift; sourceTree = "<group>"; };
		FD90358E2DBA013900ECC559 /* ModelMesh.swift */ = {isa = PBXFileReference; lastKnownFileType = sourcecode.swift; path = ModelMesh.swift; sourceTree = "<group>"; };
		FD9035912DBA013900ECC559 /* SIMD3.swift */ = {isa = PBXFileReference; lastKnownFileType = sourcecode.swift; path = SIMD3.swift; sourceTree = "<group>"; };
		FD9035922DBA013900ECC559 /* UIExtension.swift */ = {isa = PBXFileReference; lastKnownFileType = sourcecode.swift; path = UIExtension.swift; sourceTree = "<group>"; };
		FD9035942DBA013900ECC559 /* FemaleDModel.usdz */ = {isa = PBXFileReference; lastKnownFileType = file; path = FemaleDModel.usdz; sourceTree = "<group>"; };
		FD9035952DBA013900ECC559 /* Preview Assets.xcassets */ = {isa = PBXFileReference; lastKnownFileType = folder.assetcatalog; path = "Preview Assets.xcassets"; sourceTree = "<group>"; };
		FD9035972DBA013900ECC559 /* AnnotationViewModel.swift */ = {isa = PBXFileReference; lastKnownFileType = sourcecode.swift; path = AnnotationViewModel.swift; sourceTree = "<group>"; };
		FD90359C2DBA013900ECC559 /* FunctionViewModel.swift */ = {isa = PBXFileReference; lastKnownFileType = sourcecode.swift; path = FunctionViewModel.swift; sourceTree = "<group>"; };
		FD90359D2DBA013900ECC559 /* ImmersiveControl.swift */ = {isa = PBXFileReference; lastKnownFileType = sourcecode.swift; path = ImmersiveControl.swift; sourceTree = "<group>"; };
		FD90359F2DBA013900ECC559 /* ImmersiveVIew.swift */ = {isa = PBXFileReference; lastKnownFileType = sourcecode.swift; path = ImmersiveVIew.swift; sourceTree = "<group>"; };
		FD9035A12DBA013900ECC559 /* AddAnnotationVIew.swift */ = {isa = PBXFileReference; lastKnownFileType = sourcecode.swift; path = AddAnnotationVIew.swift; sourceTree = "<group>"; };
		FD9035A22DBA013900ECC559 /* NoteListView.swift */ = {isa = PBXFileReference; lastKnownFileType = sourcecode.swift; path = NoteListView.swift; sourceTree = "<group>"; };
		FD9035A32DBA013900ECC559 /* NoteRowView.swift */ = {isa = PBXFileReference; lastKnownFileType = sourcecode.swift; path = NoteRowView.swift; sourceTree = "<group>"; };
		FD9035A52DBA013900ECC559 /* CustomNavLink.swift */ = {isa = PBXFileReference; lastKnownFileType = sourcecode.swift; path = CustomNavLink.swift; sourceTree = "<group>"; };
		FD9035A62DBA013900ECC559 /* ExpandButton.swift */ = {isa = PBXFileReference; lastKnownFileType = sourcecode.swift; path = ExpandButton.swift; sourceTree = "<group>"; };
		FD9035A72DBA013900ECC559 /* HelpView.swift */ = {isa = PBXFileReference; lastKnownFileType = sourcecode.swift; path = HelpView.swift; sourceTree = "<group>"; };
		FD9035AB2DBA013900ECC559 /* KnowledgeList.swift */ = {isa = PBXFileReference; lastKnownFileType = sourcecode.swift; path = KnowledgeList.swift; sourceTree = "<group>"; };
		FD9035AC2DBA013900ECC559 /* LaunchScreen.swift */ = {isa = PBXFileReference; lastKnownFileType = sourcecode.swift; path = LaunchScreen.swift; sourceTree = "<group>"; };
		FD9035AE2DBA013900ECC559 /* ToggleImmersiveSpaceButton.swift */ = {isa = PBXFileReference; lastKnownFileType = sourcecode.swift; path = ToggleImmersiveSpaceButton.swift; sourceTree = "<group>"; };
		FD9035B02DBA013900ECC559 /* Assets.xcassets */ = {isa = PBXFileReference; lastKnownFileType = folder.assetcatalog; path = Assets.xcassets; sourceTree = "<group>"; };
		FD9035B12DBA013900ECC559 /* Info.plist */ = {isa = PBXFileReference; lastKnownFileType = text.plist.xml; path = Info.plist; sourceTree = "<group>"; };
		FD9035B22DBA013900ECC559 /* NrvMap_3DApp.swift */ = {isa = PBXFileReference; lastKnownFileType = sourcecode.swift; path = NrvMap_3DApp.swift; sourceTree = "<group>"; };
		FD9035B32DBA013900ECC559 /* PersistenceController.swift */ = {isa = PBXFileReference; lastKnownFileType = sourcecode.swift; path = PersistenceController.swift; sourceTree = "<group>"; };
/* End PBXFileReference section */

/* Begin PBXFrameworksBuildPhase section */
		C5477C7B2D7F080100C09342 /* Frameworks */ = {
			isa = PBXFrameworksBuildPhase;
			buildActionMask = 2147483647;
			files = (
				C5477C842D7F080100C09342 /* RealityKitContent in Frameworks */,
			);
			runOnlyForDeploymentPostprocessing = 0;
		};
/* End PBXFrameworksBuildPhase section */

/* Begin PBXGroup section */
		C5477C752D7F080100C09342 = {
			isa = PBXGroup;
			children = (
				C500A7202D983D18008734CA /* README.md */,
				C5477C9B2D7F092A00C09342 /* .gitignore */,
				FD9035B42DBA013900ECC559 /* NrvMap 3D */,
				C5477C812D7F080100C09342 /* Packages */,
				D55F3AE62D98FE74004DA0E2 /* Frameworks */,
				C5477C7F2D7F080100C09342 /* Products */,
				C5B2812B2DA78C1B004CC23D /* NoteCoreData.xcdatamodeld */,
			);
			sourceTree = "<group>";
		};
		C5477C7F2D7F080100C09342 /* Products */ = {
			isa = PBXGroup;
			children = (
				C5477C7E2D7F080100C09342 /* NrvMap 3D.app */,
			);
			name = Products;
			sourceTree = "<group>";
		};
		C5477C812D7F080100C09342 /* Packages */ = {
			isa = PBXGroup;
			children = (
				C5477C822D7F080100C09342 /* RealityKitContent */,
			);
			path = Packages;
			sourceTree = "<group>";
		};
		D55F3AE62D98FE74004DA0E2 /* Frameworks */ = {
			isa = PBXGroup;
			children = (
			);
			name = Frameworks;
			sourceTree = "<group>";
		};
		FD09D75F2DC722B60047B141 /* SwiftData */ = {
			isa = PBXGroup;
			children = (
				FD09D7602DC722CC0047B141 /* NoteData.swift */,
			);
			path = SwiftData;
			sourceTree = "<group>";
		};
		FD9035932DBA013900ECC559 /* Models */ = {
			isa = PBXGroup;
			children = (
				FD90358C2DBA013900ECC559 /* AppModel.swift */,
				FD90358B2DBA013900ECC559 /* AnnotationModel.swift */,
				FD90358D2DBA013900ECC559 /* Dermatome.swift */,
				FD90358E2DBA013900ECC559 /* ModelMesh.swift */,
				FD9035912DBA013900ECC559 /* SIMD3.swift */,
				FD9035922DBA013900ECC559 /* UIExtension.swift */,
				FD09D7D22DC9D62E0047B141 /* ModelGestureFactory.swift */,
			);
			path = Models;
			sourceTree = "<group>";
		};
		FD9035962DBA013900ECC559 /* Preview Content */ = {
			isa = PBXGroup;
			children = (
				FD9035942DBA013900ECC559 /* FemaleDModel.usdz */,
				FD9035952DBA013900ECC559 /* Preview Assets.xcassets */,
			);
			path = "Preview Content";
			sourceTree = "<group>";
		};
		FD9035992DBA013900ECC559 /* ViewModel */ = {
			isa = PBXGroup;
			children = (
				FD9035972DBA013900ECC559 /* AnnotationViewModel.swift */,
				FD90359C2DBA013900ECC559 /* FunctionViewModel.swift */,
			);
			path = ViewModel;
			sourceTree = "<group>";
		};
		FD9035A02DBA013900ECC559 /* ModelView */ = {
			isa = PBXGroup;
			children = (
				FD09D7CE2DC86A8A0047B141 /* ButtonBoard.swift */,
				FD90359D2DBA013900ECC559 /* ImmersiveControl.swift */,
				FD90359F2DBA013900ECC559 /* ImmersiveVIew.swift */,
				FD09D7D42DCB1A4C0047B141 /* MaleModelView.swift */,
				97D86B3D2DD9A3B800D03E7B /* LearnMoreView.swift */,
				D566D6682DDC48EB00531A46 /* InfoView.swift */,
			);
			path = ModelView;
			sourceTree = "<group>";
		};
		FD9035A42DBA013900ECC559 /* Notes */ = {
			isa = PBXGroup;
			children = (
				FD9035A12DBA013900ECC559 /* AddAnnotationVIew.swift */,
				FD9035A22DBA013900ECC559 /* NoteListView.swift */,
				FD9035A32DBA013900ECC559 /* NoteRowView.swift */,
				FD9035AB2DBA013900ECC559 /* KnowledgeList.swift */,
			);
			path = Notes;
			sourceTree = "<group>";
		};
		FD9035AF2DBA013900ECC559 /* Views */ = {
			isa = PBXGroup;
			children = (
				FD9035A02DBA013900ECC559 /* ModelView */,
				FD9035A42DBA013900ECC559 /* Notes */,
				FD9035AC2DBA013900ECC559 /* LaunchScreen.swift */,
				FD9035A52DBA013900ECC559 /* CustomNavLink.swift */,
				FD9035A62DBA013900ECC559 /* ExpandButton.swift */,
				FD9035A72DBA013900ECC559 /* HelpView.swift */,
				FD9035AE2DBA013900ECC559 /* ToggleImmersiveSpaceButton.swift */,
			);
			path = Views;
			sourceTree = "<group>";
		};
		FD9035B42DBA013900ECC559 /* NrvMap 3D */ = {
			isa = PBXGroup;
			children = (
				FD09D75F2DC722B60047B141 /* SwiftData */,
				FD9035932DBA013900ECC559 /* Models */,
				FD9035992DBA013900ECC559 /* ViewModel */,
				FD9035AF2DBA013900ECC559 /* Views */,
				FD9035B02DBA013900ECC559 /* Assets.xcassets */,
				FD9035B12DBA013900ECC559 /* Info.plist */,
				FD9035962DBA013900ECC559 /* Preview Content */,
				FD9035B22DBA013900ECC559 /* NrvMap_3DApp.swift */,
				FD9035B32DBA013900ECC559 /* PersistenceController.swift */,
				976420A22DD838F40070CF9D /* NerveAreas.xcstrings */,
			);
			path = "NrvMap 3D";
			sourceTree = "<group>";
		};
/* End PBXGroup section */

/* Begin PBXNativeTarget section */
		C5477C7D2D7F080100C09342 /* NrvMap 3D */ = {
			isa = PBXNativeTarget;
			buildConfigurationList = C5477C962D7F080300C09342 /* Build configuration list for PBXNativeTarget "NrvMap 3D" */;
			buildPhases = (
				C5477C7A2D7F080100C09342 /* Sources */,
				C5477C7B2D7F080100C09342 /* Frameworks */,
				C5477C7C2D7F080100C09342 /* Resources */,
			);
			buildRules = (
			);
			dependencies = (
			);
			name = "NrvMap 3D";
			packageProductDependencies = (
				C5477C832D7F080100C09342 /* RealityKitContent */,
			);
			productName = "NrvMap 3D";
			productReference = C5477C7E2D7F080100C09342 /* NrvMap 3D.app */;
			productType = "com.apple.product-type.application";
		};
/* End PBXNativeTarget section */

/* Begin PBXProject section */
		C5477C762D7F080100C09342 /* Project object */ = {
			isa = PBXProject;
			attributes = {
				BuildIndependentTargetsInParallel = 1;
				LastSwiftUpdateCheck = 1620;
				LastUpgradeCheck = 1620;
				TargetAttributes = {
					C5477C7D2D7F080100C09342 = {
						CreatedOnToolsVersion = 16.2;
					};
				};
			};
			buildConfigurationList = C5477C792D7F080100C09342 /* Build configuration list for PBXProject "NrvMap 3D" */;
			developmentRegion = en;
			hasScannedForEncodings = 0;
			knownRegions = (
				en,
				Base,
			);
			mainGroup = C5477C752D7F080100C09342;
			minimizedProjectReferenceProxies = 1;
			preferredProjectObjectVersion = 77;
			productRefGroup = C5477C7F2D7F080100C09342 /* Products */;
			projectDirPath = "";
			projectRoot = "";
			targets = (
				C5477C7D2D7F080100C09342 /* NrvMap 3D */,
			);
		};
/* End PBXProject section */

/* Begin PBXResourcesBuildPhase section */
		C5477C7C2D7F080100C09342 /* Resources */ = {
			isa = PBXResourcesBuildPhase;
			buildActionMask = 2147483647;
			files = (
				C500A7212D983D18008734CA /* README.md in Resources */,
				C5477C9C2D7F093100C09342 /* .gitignore in Resources */,
				FD9035D42DBA013900ECC559 /* FemaleDModel.usdz in Resources */,
				976420A32DD838F40070CF9D /* NerveAreas.xcstrings in Resources */,
				FD9035D52DBA013900ECC559 /* Preview Assets.xcassets in Resources */,
				FD9035D62DBA013900ECC559 /* Assets.xcassets in Resources */,
			);
			runOnlyForDeploymentPostprocessing = 0;
		};
/* End PBXResourcesBuildPhase section */

/* Begin PBXSourcesBuildPhase section */
		C5477C7A2D7F080100C09342 /* Sources */ = {
			isa = PBXSourcesBuildPhase;
			buildActionMask = 2147483647;
			files = (
				FD09D7D32DC9D62E0047B141 /* ModelGestureFactory.swift in Sources */,
				C5B2812D2DA78C1B004CC23D /* NoteCoreData.xcdatamodeld in Sources */,
				FD9035B52DBA013900ECC559 /* AnnotationModel.swift in Sources */,
				FD09D7612DC722CC0047B141 /* NoteData.swift in Sources */,
				FD9035B62DBA013900ECC559 /* AppModel.swift in Sources */,
				FD09D7D52DCB1A4C0047B141 /* MaleModelView.swift in Sources */,
				FD9035B72DBA013900ECC559 /* Dermatome.swift in Sources */,
				FD9035B82DBA013900ECC559 /* ModelMesh.swift in Sources */,
				FD9035BB2DBA013900ECC559 /* SIMD3.swift in Sources */,
				FD9035BC2DBA013900ECC559 /* UIExtension.swift in Sources */,
				FD09D7CF2DC86A8A0047B141 /* ButtonBoard.swift in Sources */,
				FD9035BD2DBA013900ECC559 /* AnnotationViewModel.swift in Sources */,
				D566D6692DDC48F100531A46 /* InfoView.swift in Sources */,
				FD9035C12DBA013900ECC559 /* FunctionViewModel.swift in Sources */,
				FD9035C22DBA013900ECC559 /* ImmersiveControl.swift in Sources */,
				FD9035C42DBA013900ECC559 /* ImmersiveVIew.swift in Sources */,
				FD9035C52DBA013900ECC559 /* AddAnnotationVIew.swift in Sources */,
				FD9035C62DBA013900ECC559 /* NoteListView.swift in Sources */,
				FD9035C72DBA013900ECC559 /* NoteRowView.swift in Sources */,
				FD9035C82DBA013900ECC559 /* CustomNavLink.swift in Sources */,
				FD9035C92DBA013900ECC559 /* ExpandButton.swift in Sources */,
				FD9035CA2DBA013900ECC559 /* HelpView.swift in Sources */,
				FD9035CE2DBA013900ECC559 /* KnowledgeList.swift in Sources */,
				FD9035CF2DBA013900ECC559 /* LaunchScreen.swift in Sources */,
				97D86B3E2DD9A3B800D03E7B /* LearnMoreView.swift in Sources */,
				FD9035D12DBA013900ECC559 /* ToggleImmersiveSpaceButton.swift in Sources */,
				FD9035D22DBA013900ECC559 /* NrvMap_3DApp.swift in Sources */,
				FD9035D32DBA013900ECC559 /* PersistenceController.swift in Sources */,
			);
			runOnlyForDeploymentPostprocessing = 0;
		};
/* End PBXSourcesBuildPhase section */

/* Begin XCBuildConfiguration section */
		C5477C972D7F080300C09342 /* Debug */ = {
			isa = XCBuildConfiguration;
			buildSettings = {
				ASSETCATALOG_COMPILER_APPICON_NAME = AppIcon;
				ASSETCATALOG_COMPILER_GLOBAL_ACCENT_COLOR_NAME = AccentColor;
				CODE_SIGN_STYLE = Automatic;
				CURRENT_PROJECT_VERSION = 1;
				DEVELOPMENT_ASSET_PATHS = "\"NrvMap 3D/Preview Content\"";
				DEVELOPMENT_TEAM = XP4D54WRM9;
				ENABLE_PREVIEWS = YES;
				GENERATE_INFOPLIST_FILE = YES;
				INFOPLIST_FILE = "$(TARGET_NAME)/Info.plist";
				INFOPLIST_KEY_CFBundleDisplayName = NerveMap;
				LD_RUNPATH_SEARCH_PATHS = (
					"$(inherited)",
					"@executable_path/Frameworks",
				);
				MARKETING_VERSION = 1.0;
				PRODUCT_BUNDLE_IDENTIFIER = "-567";
				PRODUCT_NAME = "$(TARGET_NAME)";
				SUPPORTED_PLATFORMS = "xros xrsimulator";
				SWIFT_EMIT_LOC_STRINGS = YES;
				SWIFT_VERSION = 5.0;
				TARGETED_DEVICE_FAMILY = 7;
				XROS_DEPLOYMENT_TARGET = 2.0;
			};
			name = Debug;
		};
		C5477C982D7F080300C09342 /* Release */ = {
			isa = XCBuildConfiguration;
			buildSettings = {
				ASSETCATALOG_COMPILER_APPICON_NAME = AppIcon;
				ASSETCATALOG_COMPILER_GLOBAL_ACCENT_COLOR_NAME = AccentColor;
				CODE_SIGN_STYLE = Automatic;
				CURRENT_PROJECT_VERSION = 1;
				DEVELOPMENT_ASSET_PATHS = "\"NrvMap 3D/Preview Content\"";
				DEVELOPMENT_TEAM = XP4D54WRM9;
				ENABLE_PREVIEWS = YES;
				GENERATE_INFOPLIST_FILE = YES;
				INFOPLIST_FILE = "$(TARGET_NAME)/Info.plist";
				INFOPLIST_KEY_CFBundleDisplayName = NerveMap;
				LD_RUNPATH_SEARCH_PATHS = (
					"$(inherited)",
					"@executable_path/Frameworks",
				);
				MARKETING_VERSION = 1.0;
				PRODUCT_BUNDLE_IDENTIFIER = "-567";
				PRODUCT_NAME = "$(TARGET_NAME)";
				SUPPORTED_PLATFORMS = "xros xrsimulator";
				SWIFT_EMIT_LOC_STRINGS = YES;
				SWIFT_VERSION = 5.0;
				TARGETED_DEVICE_FAMILY = 7;
				XROS_DEPLOYMENT_TARGET = 2.0;
			};
			name = Release;
		};
		C5477C992D7F080300C09342 /* Debug */ = {
			isa = XCBuildConfiguration;
			buildSettings = {
				ALWAYS_SEARCH_USER_PATHS = NO;
				ASSETCATALOG_COMPILER_GENERATE_SWIFT_ASSET_SYMBOL_EXTENSIONS = YES;
				CLANG_ANALYZER_NONNULL = YES;
				CLANG_ANALYZER_NUMBER_OBJECT_CONVERSION = YES_AGGRESSIVE;
				CLANG_CXX_LANGUAGE_STANDARD = "gnu++20";
				CLANG_ENABLE_MODULES = YES;
				CLANG_ENABLE_OBJC_ARC = YES;
				CLANG_ENABLE_OBJC_WEAK = YES;
				CLANG_WARN_BLOCK_CAPTURE_AUTORELEASING = YES;
				CLANG_WARN_BOOL_CONVERSION = YES;
				CLANG_WARN_COMMA = YES;
				CLANG_WARN_CONSTANT_CONVERSION = YES;
				CLANG_WARN_DEPRECATED_OBJC_IMPLEMENTATIONS = YES;
				CLANG_WARN_DIRECT_OBJC_ISA_USAGE = YES_ERROR;
				CLANG_WARN_DOCUMENTATION_COMMENTS = YES;
				CLANG_WARN_EMPTY_BODY = YES;
				CLANG_WARN_ENUM_CONVERSION = YES;
				CLANG_WARN_INFINITE_RECURSION = YES;
				CLANG_WARN_INT_CONVERSION = YES;
				CLANG_WARN_NON_LITERAL_NULL_CONVERSION = YES;
				CLANG_WARN_OBJC_IMPLICIT_RETAIN_SELF = YES;
				CLANG_WARN_OBJC_LITERAL_CONVERSION = YES;
				CLANG_WARN_OBJC_ROOT_CLASS = YES_ERROR;
				CLANG_WARN_QUOTED_INCLUDE_IN_FRAMEWORK_HEADER = YES;
				CLANG_WARN_RANGE_LOOP_ANALYSIS = YES;
				CLANG_WARN_STRICT_PROTOTYPES = YES;
				CLANG_WARN_SUSPICIOUS_MOVE = YES;
				CLANG_WARN_UNGUARDED_AVAILABILITY = YES_AGGRESSIVE;
				CLANG_WARN_UNREACHABLE_CODE = YES;
				CLANG_WARN__DUPLICATE_METHOD_MATCH = YES;
				COPY_PHASE_STRIP = NO;
				DEBUG_INFORMATION_FORMAT = dwarf;
				ENABLE_STRICT_OBJC_MSGSEND = YES;
				ENABLE_TESTABILITY = YES;
				ENABLE_USER_SCRIPT_SANDBOXING = YES;
				GCC_C_LANGUAGE_STANDARD = gnu17;
				GCC_DYNAMIC_NO_PIC = NO;
				GCC_NO_COMMON_BLOCKS = YES;
				GCC_OPTIMIZATION_LEVEL = 0;
				GCC_PREPROCESSOR_DEFINITIONS = (
					"DEBUG=1",
					"$(inherited)",
				);
				GCC_WARN_64_TO_32_BIT_CONVERSION = YES;
				GCC_WARN_ABOUT_RETURN_TYPE = YES_ERROR;
				GCC_WARN_UNDECLARED_SELECTOR = YES;
				GCC_WARN_UNINITIALIZED_AUTOS = YES_AGGRESSIVE;
				GCC_WARN_UNUSED_FUNCTION = YES;
				GCC_WARN_UNUSED_VARIABLE = YES;
				LOCALIZATION_PREFERS_STRING_CATALOGS = YES;
				MTL_ENABLE_DEBUG_INFO = INCLUDE_SOURCE;
				MTL_FAST_MATH = YES;
				ONLY_ACTIVE_ARCH = YES;
				SDKROOT = xros;
				SWIFT_ACTIVE_COMPILATION_CONDITIONS = "DEBUG $(inherited)";
				SWIFT_EMIT_LOC_STRINGS = YES;
				SWIFT_OPTIMIZATION_LEVEL = "-Onone";
				XROS_DEPLOYMENT_TARGET = 2.2;
			};
			name = Debug;
		};
		C5477C9A2D7F080300C09342 /* Release */ = {
			isa = XCBuildConfiguration;
			buildSettings = {
				ALWAYS_SEARCH_USER_PATHS = NO;
				ASSETCATALOG_COMPILER_GENERATE_SWIFT_ASSET_SYMBOL_EXTENSIONS = YES;
				CLANG_ANALYZER_NONNULL = YES;
				CLANG_ANALYZER_NUMBER_OBJECT_CONVERSION = YES_AGGRESSIVE;
				CLANG_CXX_LANGUAGE_STANDARD = "gnu++20";
				CLANG_ENABLE_MODULES = YES;
				CLANG_ENABLE_OBJC_ARC = YES;
				CLANG_ENABLE_OBJC_WEAK = YES;
				CLANG_WARN_BLOCK_CAPTURE_AUTORELEASING = YES;
				CLANG_WARN_BOOL_CONVERSION = YES;
				CLANG_WARN_COMMA = YES;
				CLANG_WARN_CONSTANT_CONVERSION = YES;
				CLANG_WARN_DEPRECATED_OBJC_IMPLEMENTATIONS = YES;
				CLANG_WARN_DIRECT_OBJC_ISA_USAGE = YES_ERROR;
				CLANG_WARN_DOCUMENTATION_COMMENTS = YES;
				CLANG_WARN_EMPTY_BODY = YES;
				CLANG_WARN_ENUM_CONVERSION = YES;
				CLANG_WARN_INFINITE_RECURSION = YES;
				CLANG_WARN_INT_CONVERSION = YES;
				CLANG_WARN_NON_LITERAL_NULL_CONVERSION = YES;
				CLANG_WARN_OBJC_IMPLICIT_RETAIN_SELF = YES;
				CLANG_WARN_OBJC_LITERAL_CONVERSION = YES;
				CLANG_WARN_OBJC_ROOT_CLASS = YES_ERROR;
				CLANG_WARN_QUOTED_INCLUDE_IN_FRAMEWORK_HEADER = YES;
				CLANG_WARN_RANGE_LOOP_ANALYSIS = YES;
				CLANG_WARN_STRICT_PROTOTYPES = YES;
				CLANG_WARN_SUSPICIOUS_MOVE = YES;
				CLANG_WARN_UNGUARDED_AVAILABILITY = YES_AGGRESSIVE;
				CLANG_WARN_UNREACHABLE_CODE = YES;
				CLANG_WARN__DUPLICATE_METHOD_MATCH = YES;
				COPY_PHASE_STRIP = NO;
				DEBUG_INFORMATION_FORMAT = "dwarf-with-dsym";
				ENABLE_NS_ASSERTIONS = NO;
				ENABLE_STRICT_OBJC_MSGSEND = YES;
				ENABLE_USER_SCRIPT_SANDBOXING = YES;
				GCC_C_LANGUAGE_STANDARD = gnu17;
				GCC_NO_COMMON_BLOCKS = YES;
				GCC_WARN_64_TO_32_BIT_CONVERSION = YES;
				GCC_WARN_ABOUT_RETURN_TYPE = YES_ERROR;
				GCC_WARN_UNDECLARED_SELECTOR = YES;
				GCC_WARN_UNINITIALIZED_AUTOS = YES_AGGRESSIVE;
				GCC_WARN_UNUSED_FUNCTION = YES;
				GCC_WARN_UNUSED_VARIABLE = YES;
				LOCALIZATION_PREFERS_STRING_CATALOGS = YES;
				MTL_ENABLE_DEBUG_INFO = NO;
				MTL_FAST_MATH = YES;
				SDKROOT = xros;
				SWIFT_COMPILATION_MODE = wholemodule;
				SWIFT_EMIT_LOC_STRINGS = YES;
				VALIDATE_PRODUCT = YES;
				XROS_DEPLOYMENT_TARGET = 2.2;
			};
			name = Release;
		};
/* End XCBuildConfiguration section */

/* Begin XCConfigurationList section */
		C5477C792D7F080100C09342 /* Build configuration list for PBXProject "NrvMap 3D" */ = {
			isa = XCConfigurationList;
			buildConfigurations = (
				C5477C992D7F080300C09342 /* Debug */,
				C5477C9A2D7F080300C09342 /* Release */,
			);
			defaultConfigurationIsVisible = 0;
			defaultConfigurationName = Release;
		};
		C5477C962D7F080300C09342 /* Build configuration list for PBXNativeTarget "NrvMap 3D" */ = {
			isa = XCConfigurationList;
			buildConfigurations = (
				C5477C972D7F080300C09342 /* Debug */,
				C5477C982D7F080300C09342 /* Release */,
			);
			defaultConfigurationIsVisible = 0;
			defaultConfigurationName = Release;
		};
/* End XCConfigurationList section */

/* Begin XCSwiftPackageProductDependency section */
		C5477C832D7F080100C09342 /* RealityKitContent */ = {
			isa = XCSwiftPackageProductDependency;
			productName = RealityKitContent;
		};
/* End XCSwiftPackageProductDependency section */

/* Begin XCVersionGroup section */
		C5B2812B2DA78C1B004CC23D /* NoteCoreData.xcdatamodeld */ = {
			isa = XCVersionGroup;
			children = (
				C5B2812C2DA78C1B004CC23D /* NoteCoreData.xcdatamodel */,
			);
			currentVersion = C5B2812C2DA78C1B004CC23D /* NoteCoreData.xcdatamodel */;
			path = NoteCoreData.xcdatamodeld;
			sourceTree = "<group>";
			versionGroupType = wrapper.xcdatamodel;
		};
/* End XCVersionGroup section */
	};
	rootObject = C5477C762D7F080100C09342 /* Project object */;
}
